
Microsoft Visual Studio Solution File, Format Version 12.00
# Visual Studio Version 17
VisualStudioVersion = 17.12.35527.113
MinimumVisualStudioVersion = 10.0.40219.1
Project("{FAE04EC0-301F-11D3-BF4B-00C04F79EFBC}") = "HPCWebsite", "HPCWebsite\HPCWebsite.csproj", "{F8668521-0163-4FAF-86D7-A07FAF9929FD}"
EndProject
Project("{FAE04EC0-301F-11D3-BF4B-00C04F79EFBC}") = "Entity", "Entity\Entity.csproj", "{023C2616-7C49-4495-B7DB-353BECAE41A2}"
EndProject
Project("{FAE04EC0-301F-11D3-BF4B-00C04F79EFBC}") = "DataLayer", "DataLayer\DataLayer.csproj", "{206B69FD-AFD0-4710-8220-00F0CDE14D9E}"
EndProject
Project("{FAE04EC0-301F-11D3-BF4B-00C04F79EFBC}") = "Service", "Service\Service.csproj", "{F4774C95-38CD-4597-8301-F5FDED9C6356}"
EndProject
Project("{FAE04EC0-301F-11D3-BF4B-00C04F79EFBC}") = "ViewModel", "ViewModel\ViewModel.csproj", "{C7202E3D-AD4E-40B6-89F0-0D745D8C5F37}"
EndProject
Global
	GlobalSection(SolutionConfigurationPlatforms) = preSolution
		Debug|Any CPU = Debug|Any CPU
		Release|Any CPU = Release|Any CPU
	EndGlobalSection
	GlobalSection(ProjectConfigurationPlatforms) = postSolution
		{F8668521-0163-4FAF-86D7-A07FAF9929FD}.Debug|Any CPU.ActiveCfg = Debug|Any CPU
		{F8668521-0163-4FAF-86D7-A07FAF9929FD}.Debug|Any CPU.Build.0 = Debug|Any CPU
		{F8668521-0163-4FAF-86D7-A07FAF9929FD}.Release|Any CPU.ActiveCfg = Release|Any CPU
		{F8668521-0163-4FAF-86D7-A07FAF9929FD}.Release|Any CPU.Build.0 = Release|Any CPU
		{023C2616-7C49-4495-B7DB-353BECAE41A2}.Debug|Any CPU.ActiveCfg = Debug|Any CPU
		{023C2616-7C49-4495-B7DB-353BECAE41A2}.Debug|Any CPU.Build.0 = Debug|Any CPU
		{023C2616-7C49-4495-B7DB-353BECAE41A2}.Release|Any CPU.ActiveCfg = Release|Any CPU
		{023C2616-7C49-4495-B7DB-353BECAE41A2}.Release|Any CPU.Build.0 = Release|Any CPU
		{206B69FD-AFD0-4710-8220-00F0CDE14D9E}.Debug|Any CPU.ActiveCfg = Debug|Any CPU
		{206B69FD-AFD0-4710-8220-00F0CDE14D9E}.Debug|Any CPU.Build.0 = Debug|Any CPU
		{206B69FD-AFD0-4710-8220-00F0CDE14D9E}.Release|Any CPU.ActiveCfg = Release|Any CPU
		{206B69FD-AFD0-4710-8220-00F0CDE14D9E}.Release|Any CPU.Build.0 = Release|Any CPU
		{F4774C95-38CD-4597-8301-F5FDED9C6356}.Debug|Any CPU.ActiveCfg = Debug|Any CPU
		{F4774C95-38CD-4597-8301-F5FDED9C6356}.Debug|Any CPU.Build.0 = Debug|Any CPU
		{F4774C95-38CD-4597-8301-F5FDED9C6356}.Release|Any CPU.ActiveCfg = Release|Any CPU
		{F4774C95-38CD-4597-8301-F5FDED9C6356}.Release|Any CPU.Build.0 = Release|Any CPU
		{C7202E3D-AD4E-40B6-89F0-0D745D8C5F37}.Debug|Any CPU.ActiveCfg = Debug|Any CPU
		{C7202E3D-AD4E-40B6-89F0-0D745D8C5F37}.Debug|Any CPU.Build.0 = Debug|Any CPU
		{C7202E3D-AD4E-40B6-89F0-0D745D8C5F37}.Release|Any CPU.ActiveCfg = Release|Any CPU
		{C7202E3D-AD4E-40B6-89F0-0D745D8C5F37}.Release|Any CPU.Build.0 = Release|Any CPU
	EndGlobalSection
	GlobalSection(SolutionProperties) = preSolution
		HideSolutionNode = FALSE
	EndGlobalSection
EndGlobal
